// !$*UTF8*$!
{
	archiveVersion = 1;
	classes = {
	};
	objectVersion = 56;
	objects = {

/* Begin PBXBuildFile section */
		354BBD1329B83D2D000BD7A9 /* AppDelegate.swift in Sources */ = {isa = PBXBuildFile; fileRef = 354BBD1229B83D2D000BD7A9 /* AppDelegate.swift */; };
		354BBD1529B83D2D000BD7A9 /* SceneDelegate.swift in Sources */ = {isa = PBXBuildFile; fileRef = 354BBD1429B83D2D000BD7A9 /* SceneDelegate.swift */; };
		354BBD1729B83D2D000BD7A9 /* ViewController.swift in Sources */ = {isa = PBXBuildFile; fileRef = 354BBD1629B83D2D000BD7A9 /* ViewController.swift */; };
		354BBD1C29B83D2F000BD7A9 /* Assets.xcassets in Resources */ = {isa = PBXBuildFile; fileRef = 354BBD1B29B83D2F000BD7A9 /* Assets.xcassets */; };
		354BBD1F29B83D2F000BD7A9 /* LaunchScreen.storyboard in Resources */ = {isa = PBXBuildFile; fileRef = 354BBD1D29B83D2F000BD7A9 /* LaunchScreen.storyboard */; };
		354BBD2829B855C8000BD7A9 /* Kingfisher in Frameworks */ = {isa = PBXBuildFile; productRef = 354BBD2729B855C8000BD7A9 /* Kingfisher */; };
		354BBD2A29B85674000BD7A9 /* Observable.swift in Sources */ = {isa = PBXBuildFile; fileRef = 354BBD2929B85674000BD7A9 /* Observable.swift */; };
		354BBD2C29B856CF000BD7A9 /* User.swift in Sources */ = {isa = PBXBuildFile; fileRef = 354BBD2B29B856CF000BD7A9 /* User.swift */; };
		354BBD2E29B8573E000BD7A9 /* UserListViewModel.swift in Sources */ = {isa = PBXBuildFile; fileRef = 354BBD2D29B8573E000BD7A9 /* UserListViewModel.swift */; };
		354BBD3529B8BEE7000BD7A9 /* DetailViewController.swift in Sources */ = {isa = PBXBuildFile; fileRef = 354BBD3429B8BEE7000BD7A9 /* DetailViewController.swift */; };
		35ED593529B8E824007FA661 /* UserDetail.swift in Sources */ = {isa = PBXBuildFile; fileRef = 35ED593429B8E824007FA661 /* UserDetail.swift */; };
		35ED593729B8E8FE007FA661 /* UserDetailViewModel.swift in Sources */ = {isa = PBXBuildFile; fileRef = 35ED593629B8E8FE007FA661 /* UserDetailViewModel.swift */; };
		35ED593F29B93B1E007FA661 /* MBProgressHUD in Frameworks */ = {isa = PBXBuildFile; productRef = 35ED593E29B93B1E007FA661 /* MBProgressHUD */; };
/* End PBXBuildFile section */

/* Begin PBXFileReference section */
		354BBD0F29B83D2D000BD7A9 /* MVVM.app */ = {isa = PBXFileReference; explicitFileType = wrapper.application; includeInIndex = 0; path = MVVM.app; sourceTree = BUILT_PRODUCTS_DIR; };
		354BBD1229B83D2D000BD7A9 /* AppDelegate.swift */ = {isa = PBXFileReference; lastKnownFileType = sourcecode.swift; path = AppDelegate.swift; sourceTree = "<group>"; };
		354BBD1429B83D2D000BD7A9 /* SceneDelegate.swift */ = {isa = PBXFileReference; lastKnownFileType = sourcecode.swift; path = SceneDelegate.swift; sourceTree = "<group>"; };
		354BBD1629B83D2D000BD7A9 /* ViewController.swift */ = {isa = PBXFileReference; lastKnownFileType = sourcecode.swift; path = ViewController.swift; sourceTree = "<group>"; };
		354BBD1B29B83D2F000BD7A9 /* Assets.xcassets */ = {isa = PBXFileReference; lastKnownFileType = folder.assetcatalog; path = Assets.xcassets; sourceTree = "<group>"; };
		354BBD1E29B83D2F000BD7A9 /* Base */ = {isa = PBXFileReference; lastKnownFileType = file.storyboard; name = Base; path = Base.lproj/LaunchScreen.storyboard; sourceTree = "<group>"; };
		354BBD2029B83D2F000BD7A9 /* Info.plist */ = {isa = PBXFileReference; lastKnownFileType = text.plist.xml; path = Info.plist; sourceTree = "<group>"; };
		354BBD2929B85674000BD7A9 /* Observable.swift */ = {isa = PBXFileReference; lastKnownFileType = sourcecode.swift; path = Observable.swift; sourceTree = "<group>"; };
		354BBD2B29B856CF000BD7A9 /* User.swift */ = {isa = PBXFileReference; lastKnownFileType = sourcecode.swift; path = User.swift; sourceTree = "<group>"; };
		354BBD2D29B8573E000BD7A9 /* UserListViewModel.swift */ = {isa = PBXFileReference; lastKnownFileType = sourcecode.swift; path = UserListViewModel.swift; sourceTree = "<group>"; };
		354BBD3429B8BEE7000BD7A9 /* DetailViewController.swift */ = {isa = PBXFileReference; lastKnownFileType = sourcecode.swift; path = DetailViewController.swift; sourceTree = "<group>"; };
		35ED593429B8E824007FA661 /* UserDetail.swift */ = {isa = PBXFileReference; lastKnownFileType = sourcecode.swift; path = UserDetail.swift; sourceTree = "<group>"; };
		35ED593629B8E8FE007FA661 /* UserDetailViewModel.swift */ = {isa = PBXFileReference; lastKnownFileType = sourcecode.swift; path = UserDetailViewModel.swift; sourceTree = "<group>"; };
/* End PBXFileReference section */

/* Begin PBXFrameworksBuildPhase section */
		354BBD0C29B83D2D000BD7A9 /* Frameworks */ = {
			isa = PBXFrameworksBuildPhase;
			buildActionMask = 2147483647;
			files = (
				35ED593F29B93B1E007FA661 /* MBProgressHUD in Frameworks */,
				354BBD2829B855C8000BD7A9 /* Kingfisher in Frameworks */,
			);
			runOnlyForDeploymentPostprocessing = 0;
		};
/* End PBXFrameworksBuildPhase section */

/* Begin PBXGroup section */
		354BBD0629B83D2D000BD7A9 = {
			isa = PBXGroup;
			children = (
				354BBD1129B83D2D000BD7A9 /* MVVM */,
				354BBD1029B83D2D000BD7A9 /* Products */,
			);
			sourceTree = "<group>";
		};
		354BBD1029B83D2D000BD7A9 /* Products */ = {
			isa = PBXGroup;
			children = (
				354BBD0F29B83D2D000BD7A9 /* MVVM.app */,
			);
			name = Products;
			sourceTree = "<group>";
		};
		354BBD1129B83D2D000BD7A9 /* MVVM */ = {
			isa = PBXGroup;
			children = (
				354BBD1229B83D2D000BD7A9 /* AppDelegate.swift */,
				354BBD1429B83D2D000BD7A9 /* SceneDelegate.swift */,
				354BBD1629B83D2D000BD7A9 /* ViewController.swift */,
				354BBD3429B8BEE7000BD7A9 /* DetailViewController.swift */,
				354BBD2929B85674000BD7A9 /* Observable.swift */,
				354BBD2B29B856CF000BD7A9 /* User.swift */,
				354BBD2D29B8573E000BD7A9 /* UserListViewModel.swift */,
				35ED593429B8E824007FA661 /* UserDetail.swift */,
				35ED593629B8E8FE007FA661 /* UserDetailViewModel.swift */,
				354BBD1B29B83D2F000BD7A9 /* Assets.xcassets */,
				354BBD1D29B83D2F000BD7A9 /* LaunchScreen.storyboard */,
				354BBD2029B83D2F000BD7A9 /* Info.plist */,
			);
			path = MVVM;
			sourceTree = "<group>";
		};
/* End PBXGroup section */

/* Begin PBXNativeTarget section */
		354BBD0E29B83D2D000BD7A9 /* MVVM */ = {
			isa = PBXNativeTarget;
			buildConfigurationList = 354BBD2329B83D2F000BD7A9 /* Build configuration list for PBXNativeTarget "MVVM" */;
			buildPhases = (
				354BBD0B29B83D2D000BD7A9 /* Sources */,
				354BBD0C29B83D2D000BD7A9 /* Frameworks */,
				354BBD0D29B83D2D000BD7A9 /* Resources */,
			);
			buildRules = (
			);
			dependencies = (
			);
			name = MVVM;
			packageProductDependencies = (
				354BBD2729B855C8000BD7A9 /* Kingfisher */,
				35ED593E29B93B1E007FA661 /* MBProgressHUD */,
			);
			productName = MVVM;
			productReference = 354BBD0F29B83D2D000BD7A9 /* MVVM.app */;
			productType = "com.apple.product-type.application";
		};
/* End PBXNativeTarget section */

/* Begin PBXProject section */
		354BBD0729B83D2D000BD7A9 /* Project object */ = {
			isa = PBXProject;
			attributes = {
				BuildIndependentTargetsInParallel = 1;
				LastSwiftUpdateCheck = 1420;
				LastUpgradeCheck = 1420;
				TargetAttributes = {
					354BBD0E29B83D2D000BD7A9 = {
						CreatedOnToolsVersion = 14.2;
					};
				};
			};
			buildConfigurationList = 354BBD0A29B83D2D000BD7A9 /* Build configuration list for PBXProject "MVVM" */;
			compatibilityVersion = "Xcode 14.0";
			developmentRegion = en;
			hasScannedForEncodings = 0;
			knownRegions = (
				en,
				Base,
			);
			mainGroup = 354BBD0629B83D2D000BD7A9;
			packageReferences = (
				354BBD2629B855C8000BD7A9 /* XCRemoteSwiftPackageReference "Kingfisher" */,
				35ED593D29B93B1E007FA661 /* XCRemoteSwiftPackageReference "MBProgressHUD" */,
			);
			productRefGroup = 354BBD1029B83D2D000BD7A9 /* Products */;
			projectDirPath = "";
			projectRoot = "";
			targets = (
				354BBD0E29B83D2D000BD7A9 /* MVVM */,
			);
		};
/* End PBXProject section */

/* Begin PBXResourcesBuildPhase section */
		354BBD0D29B83D2D000BD7A9 /* Resources */ = {
			isa = PBXResourcesBuildPhase;
			buildActionMask = 2147483647;
			files = (
				354BBD1F29B83D2F000BD7A9 /* LaunchScreen.storyboard in Resources */,
				354BBD1C29B83D2F000BD7A9 /* Assets.xcassets in Resources */,
			);
			runOnlyForDeploymentPostprocessing = 0;
		};
/* End PBXResourcesBuildPhase section */

/* Begin PBXSourcesBuildPhase section */
		354BBD0B29B83D2D000BD7A9 /* Sources */ = {
			isa = PBXSourcesBuildPhase;
			buildActionMask = 2147483647;
			files = (
				35ED593729B8E8FE007FA661 /* UserDetailViewModel.swift in Sources */,
				354BBD2A29B85674000BD7A9 /* Observable.swift in Sources */,
				354BBD2E29B8573E000BD7A9 /* UserListViewModel.swift in Sources */,
				354BBD1729B83D2D000BD7A9 /* ViewController.swift in Sources */,
				354BBD1329B83D2D000BD7A9 /* AppDelegate.swift in Sources */,
				354BBD2C29B856CF000BD7A9 /* User.swift in Sources */,
				35ED593529B8E824007FA661 /* UserDetail.swift in Sources */,
				354BBD1529B83D2D000BD7A9 /* SceneDelegate.swift in Sources */,
				354BBD3529B8BEE7000BD7A9 /* DetailViewController.swift in Sources */,
			);
			runOnlyForDeploymentPostprocessing = 0;
		};
/* End PBXSourcesBuildPhase section */

/* Begin PBXVariantGroup section */
		354BBD1D29B83D2F000BD7A9 /* LaunchScreen.storyboard */ = {
			isa = PBXVariantGroup;
			children = (
				354BBD1E29B83D2F000BD7A9 /* Base */,
			);
			name = LaunchScreen.storyboard;
			sourceTree = "<group>";
		};
/* End PBXVariantGroup section */

/* Begin XCBuildConfiguration section */
		354BBD2129B83D2F000BD7A9 /* Debug */ = {
			isa = XCBuildConfiguration;
			buildSettings = {
				ALWAYS_SEARCH_USER_PATHS = NO;
				CLANG_ANALYZER_NONNULL = YES;
				CLANG_ANALYZER_NUMBER_OBJECT_CONVERSION = YES_AGGRESSIVE;
				CLANG_CXX_LANGUAGE_STANDARD = "gnu++20";
				CLANG_ENABLE_MODULES = YES;
				CLANG_ENABLE_OBJC_ARC = YES;
				CLANG_ENABLE_OBJC_WEAK = YES;
				CLANG_WARN_BLOCK_CAPTURE_AUTORELEASING = YES;
				CLANG_WARN_BOOL_CONVERSION = YES;
				CLANG_WARN_COMMA = YES;
				CLANG_WARN_CONSTANT_CONVERSION = YES;
				CLANG_WARN_DEPRECATED_OBJC_IMPLEMENTATIONS = YES;
				CLANG_WARN_DIRECT_OBJC_ISA_USAGE = YES_ERROR;
				CLANG_WARN_DOCUMENTATION_COMMENTS = YES;
				CLANG_WARN_EMPTY_BODY = YES;
				CLANG_WARN_ENUM_CONVERSION = YES;
				CLANG_WARN_INFINITE_RECURSION = YES;
				CLANG_WARN_INT_CONVERSION = YES;
				CLANG_WARN_NON_LITERAL_NULL_CONVERSION = YES;
				CLANG_WARN_OBJC_IMPLICIT_RETAIN_SELF = YES;
				CLANG_WARN_OBJC_LITERAL_CONVERSION = YES;
				CLANG_WARN_OBJC_ROOT_CLASS = YES_ERROR;
				CLANG_WARN_QUOTED_INCLUDE_IN_FRAMEWORK_HEADER = YES;
				CLANG_WARN_RANGE_LOOP_ANALYSIS = YES;
				CLANG_WARN_STRICT_PROTOTYPES = YES;
				CLANG_WARN_SUSPICIOUS_MOVE = YES;
				CLANG_WARN_UNGUARDED_AVAILABILITY = YES_AGGRESSIVE;
				CLANG_WARN_UNREACHABLE_CODE = YES;
				CLANG_WARN__DUPLICATE_METHOD_MATCH = YES;
				COPY_PHASE_STRIP = NO;
				DEBUG_INFORMATION_FORMAT = dwarf;
				ENABLE_STRICT_OBJC_MSGSEND = YES;
				ENABLE_TESTABILITY = YES;
				GCC_C_LANGUAGE_STANDARD = gnu11;
				GCC_DYNAMIC_NO_PIC = NO;
				GCC_NO_COMMON_BLOCKS = YES;
				GCC_OPTIMIZATION_LEVEL = 0;
				GCC_PREPROCESSOR_DEFINITIONS = (
					"DEBUG=1",
					"$(inherited)",
				);
				GCC_WARN_64_TO_32_BIT_CONVERSION = YES;
				GCC_WARN_ABOUT_RETURN_TYPE = YES_ERROR;
				GCC_WARN_UNDECLARED_SELECTOR = YES;
				GCC_WARN_UNINITIALIZED_AUTOS = YES_AGGRESSIVE;
				GCC_WARN_UNUSED_FUNCTION = YES;
				GCC_WARN_UNUSED_VARIABLE = YES;
				IPHONEOS_DEPLOYMENT_TARGET = 16.2;
				MTL_ENABLE_DEBUG_INFO = INCLUDE_SOURCE;
				MTL_FAST_MATH = YES;
				ONLY_ACTIVE_ARCH = YES;
				SDKROOT = iphoneos;
				SWIFT_ACTIVE_COMPILATION_CONDITIONS = DEBUG;
				SWIFT_OPTIMIZATION_LEVEL = "-Onone";
			};
			name = Debug;
		};
		354BBD2229B83D2F000BD7A9 /* Release */ = {
			isa = XCBuildConfiguration;
			buildSettings = {
				ALWAYS_SEARCH_USER_PATHS = NO;
				CLANG_ANALYZER_NONNULL = YES;
				CLANG_ANALYZER_NUMBER_OBJECT_CONVERSION = YES_AGGRESSIVE;
				CLANG_CXX_LANGUAGE_STANDARD = "gnu++20";
				CLANG_ENABLE_MODULES = YES;
				CLANG_ENABLE_OBJC_ARC = YES;
				CLANG_ENABLE_OBJC_WEAK = YES;
				CLANG_WARN_BLOCK_CAPTURE_AUTORELEASING = YES;
				CLANG_WARN_BOOL_CONVERSION = YES;
				CLANG_WARN_COMMA = YES;
				CLANG_WARN_CONSTANT_CONVERSION = YES;
				CLANG_WARN_DEPRECATED_OBJC_IMPLEMENTATIONS = YES;
				CLANG_WARN_DIRECT_OBJC_ISA_USAGE = YES_ERROR;
				CLANG_WARN_DOCUMENTATION_COMMENTS = YES;
				CLANG_WARN_EMPTY_BODY = YES;
				CLANG_WARN_ENUM_CONVERSION = YES;
				CLANG_WARN_INFINITE_RECURSION = YES;
				CLANG_WARN_INT_CONVERSION = YES;
				CLANG_WARN_NON_LITERAL_NULL_CONVERSION = YES;
				CLANG_WARN_OBJC_IMPLICIT_RETAIN_SELF = YES;
				CLANG_WARN_OBJC_LITERAL_CONVERSION = YES;
				CLANG_WARN_OBJC_ROOT_CLASS = YES_ERROR;
				CLANG_WARN_QUOTED_INCLUDE_IN_FRAMEWORK_HEADER = YES;
				CLANG_WARN_RANGE_LOOP_ANALYSIS = YES;
				CLANG_WARN_STRICT_PROTOTYPES = YES;
				CLANG_WARN_SUSPICIOUS_MOVE = YES;
				CLANG_WARN_UNGUARDED_AVAILABILITY = YES_AGGRESSIVE;
				CLANG_WARN_UNREACHABLE_CODE = YES;
				CLANG_WARN__DUPLICATE_METHOD_MATCH = YES;
				COPY_PHASE_STRIP = NO;
				DEBUG_INFORMATION_FORMAT = "dwarf-with-dsym";
				ENABLE_NS_ASSERTIONS = NO;
				ENABLE_STRICT_OBJC_MSGSEND = YES;
				GCC_C_LANGUAGE_STANDARD = gnu11;
				GCC_NO_COMMON_BLOCKS = YES;
				GCC_WARN_64_TO_32_BIT_CONVERSION = YES;
				GCC_WARN_ABOUT_RETURN_TYPE = YES_ERROR;
				GCC_WARN_UNDECLARED_SELECTOR = YES;
				GCC_WARN_UNINITIALIZED_AUTOS = YES_AGGRESSIVE;
				GCC_WARN_UNUSED_FUNCTION = YES;
				GCC_WARN_UNUSED_VARIABLE = YES;
				IPHONEOS_DEPLOYMENT_TARGET = 16.2;
				MTL_ENABLE_DEBUG_INFO = NO;
				MTL_FAST_MATH = YES;
				SDKROOT = iphoneos;
				SWIFT_COMPILATION_MODE = wholemodule;
				SWIFT_OPTIMIZATION_LEVEL = "-O";
				VALIDATE_PRODUCT = YES;
			};
			name = Release;
		};
		354BBD2429B83D2F000BD7A9 /* Debug */ = {
			isa = XCBuildConfiguration;
			buildSettings = {
				ASSETCATALOG_COMPILER_APPICON_NAME = AppIcon;
				ASSETCATALOG_COMPILER_GLOBAL_ACCENT_COLOR_NAME = AccentColor;
				CODE_SIGN_STYLE = Automatic;
				CURRENT_PROJECT_VERSION = 1;
				DEVELOPMENT_TEAM = 5M7NSSKQ4G;
				GENERATE_INFOPLIST_FILE = YES;
				INFOPLIST_FILE = MVVM/Info.plist;
				INFOPLIST_KEY_UIApplicationSupportsIndirectInputEvents = YES;
				INFOPLIST_KEY_UILaunchStoryboardName = LaunchScreen;
				INFOPLIST_KEY_UIMainStoryboardFile = "";
				INFOPLIST_KEY_UISupportedInterfaceOrientations_iPad = "UIInterfaceOrientationPortrait UIInterfaceOrientationPortraitUpsideDown UIInterfaceOrientationLandscapeLeft UIInterfaceOrientationLandscapeRight";
				INFOPLIST_KEY_UISupportedInterfaceOrientations_iPhone = "UIInterfaceOrientationPortrait UIInterfaceOrientationLandscapeLeft UIInterfaceOrientationLandscapeRight";
				LD_RUNPATH_SEARCH_PATHS = (
					"$(inherited)",
					"@executable_path/Frameworks",
				);
				MARKETING_VERSION = 1.0;
				PRODUCT_BUNDLE_IDENTIFIER = "com.yichen-technology.MVVM";
				PRODUCT_NAME = "$(TARGET_NAME)";
				SWIFT_EMIT_LOC_STRINGS = YES;
				SWIFT_VERSION = 5.0;
				TARGETED_DEVICE_FAMILY = "1,2";
			};
			name = Debug;
		};
		354BBD2529B83D2F000BD7A9 /* Release */ = {
			isa = XCBuildConfiguration;
			buildSettings = {
				ASSETCATALOG_COMPILER_APPICON_NAME = AppIcon;
				ASSETCATALOG_COMPILER_GLOBAL_ACCENT_COLOR_NAME = AccentColor;
				CODE_SIGN_STYLE = Automatic;
				CURRENT_PROJECT_VERSION = 1;
				DEVELOPMENT_TEAM = 5M7NSSKQ4G;
				GENERATE_INFOPLIST_FILE = YES;
				INFOPLIST_FILE = MVVM/Info.plist;
				INFOPLIST_KEY_UIApplicationSupportsIndirectInputEvents = YES;
				INFOPLIST_KEY_UILaunchStoryboardName = LaunchScreen;
				INFOPLIST_KEY_UIMainStoryboardFile = "";
				INFOPLIST_KEY_UISupportedInterfaceOrientations_iPad = "UIInterfaceOrientationPortrait UIInterfaceOrientationPortraitUpsideDown UIInterfaceOrientationLandscapeLeft UIInterfaceOrientationLandscapeRight";
				INFOPLIST_KEY_UISupportedInterfaceOrientations_iPhone = "UIInterfaceOrientationPortrait UIInterfaceOrientationLandscapeLeft UIInterfaceOrientationLandscapeRight";
				LD_RUNPATH_SEARCH_PATHS = (
					"$(inherited)",
					"@executable_path/Frameworks",
				);
				MARKETING_VERSION = 1.0;
				PRODUCT_BUNDLE_IDENTIFIER = "com.yichen-technology.MVVM";
				PRODUCT_NAME = "$(TARGET_NAME)";
				SWIFT_EMIT_LOC_STRINGS = YES;
				SWIFT_VERSION = 5.0;
				TARGETED_DEVICE_FAMILY = "1,2";
			};
			name = Release;
		};
/* End XCBuildConfiguration section */

/* Begin XCConfigurationList section */
		354BBD0A29B83D2D000BD7A9 /* Build configuration list for PBXProject "MVVM" */ = {
			isa = XCConfigurationList;
			buildConfigurations = (
				354BBD2129B83D2F000BD7A9 /* Debug */,
				354BBD2229B83D2F000BD7A9 /* Release */,
			);
			defaultConfigurationIsVisible = 0;
			defaultConfigurationName = Release;
		};
		354BBD2329B83D2F000BD7A9 /* Build configuration list for PBXNativeTarget "MVVM" */ = {
			isa = XCConfigurationList;
			buildConfigurations = (
				354BBD2429B83D2F000BD7A9 /* Debug */,
				354BBD2529B83D2F000BD7A9 /* Release */,
			);
			defaultConfigurationIsVisible = 0;
			defaultConfigurationName = Release;
		};
/* End XCConfigurationList section */

/* Begin XCRemoteSwiftPackageReference section */
		354BBD2629B855C8000BD7A9 /* XCRemoteSwiftPackageReference "Kingfisher" */ = {
			isa = XCRemoteSwiftPackageReference;
			repositoryURL = "https://github.com/onevcat/Kingfisher";
			requirement = {
				kind = upToNextMajorVersion;
				minimumVersion = 7.0.0;
			};
		};
		35ED593D29B93B1E007FA661 /* XCRemoteSwiftPackageReference "MBProgressHUD" */ = {
			isa = XCRemoteSwiftPackageReference;
			repositoryURL = "https://github.com/jdg/MBProgressHUD.git";
			requirement = {
				branch = master;
				kind = branch;
			};
		};
/* End XCRemoteSwiftPackageReference section */

/* Begin XCSwiftPackageProductDependency section */
		354BBD2729B855C8000BD7A9 /* Kingfisher */ = {
			isa = XCSwiftPackageProductDependency;
			package = 354BBD2629B855C8000BD7A9 /* XCRemoteSwiftPackageReference "Kingfisher" */;
			productName = Kingfisher;
		};
		35ED593E29B93B1E007FA661 /* MBProgressHUD */ = {
			isa = XCSwiftPackageProductDependency;
			package = 35ED593D29B93B1E007FA661 /* XCRemoteSwiftPackageReference "MBProgressHUD" */;
			productName = MBProgressHUD;
		};
/* End XCSwiftPackageProductDependency section */
	};
	rootObject = 354BBD0729B83D2D000BD7A9 /* Project object */;
}
